
Microsoft Visual Studio Solution File, Format Version 12.00
# Visual Studio Version 16
VisualStudioVersion = 16.0.34031.81
MinimumVisualStudioVersion = 10.0.40219.1
Project("{FAE04EC0-301F-11D3-BF4B-00C04F79EFBC}") = "WebQLNV", "WebApplication1\WebQLNV.csproj", "{981A3BB5-7E83-4962-BCB1-4576D9E44368}"
EndProject
Global
	GlobalSection(SolutionConfigurationPlatforms) = preSolution
		Debug|Any CPU = Debug|Any CPU
		Release|Any CPU = Release|Any CPU
	EndGlobalSection
	GlobalSection(ProjectConfigurationPlatforms) = postSolution
		{981A3BB5-7E83-4962-BCB1-4576D9E44368}.Debug|Any CPU.ActiveCfg = Debug|Any CPU
		{981A3BB5-7E83-4962-BCB1-4576D9E44368}.Debug|Any CPU.Build.0 = Debug|Any CPU
		{981A3BB5-7E83-4962-BCB1-4576D9E44368}.Release|Any CPU.ActiveCfg = Release|Any CPU
		{981A3BB5-7E83-4962-BCB1-4576D9E44368}.Release|Any CPU.Build.0 = Release|Any CPU
	EndGlobalSection
	GlobalSection(SolutionProperties) = preSolution
		HideSolutionNode = FALSE
	EndGlobalSection
	GlobalSection(ExtensibilityGlobals) = postSolution
		SolutionGuid = {967DB9AB-32E4-40DD-B658-8F2D2F638438}
	EndGlobalSection
EndGlobal
